<?xml version="1.0" encoding="utf-8"?>
<Project ToolsVersion="4.0" xmlns="http://schemas.microsoft.com/developer/msbuild/2003">
  <ItemGroup>
    <Filter Include="Source Files">
      <UniqueIdentifier>{4FC737F1-C7A5-4376-A066-2A32D752A2FF}</UniqueIdentifier>
      <Extensions>cpp;c;cc;cxx;c++;cppm;ixx;def;odl;idl;hpj;bat;asm;asmx</Extensions>
    </Filter>
    <Filter Include="Header Files">
      <UniqueIdentifier>{93995380-89BD-4b04-88EB-625FBE52EBFB}</UniqueIdentifier>
      <Extensions>h;hh;hpp;hxx;h++;hm;inl;inc;ipp;xsd</Extensions>
    </Filter>
    <Filter Include="Resource Files">
      <UniqueIdentifier>{67DA6AB6-F800-4c08-8B7A-83BB121AAD01}</UniqueIdentifier>
      <Extensions>rc;ico;cur;bmp;dlg;rc2;rct;bin;rgs;gif;jpg;jpeg;jpe;resx;tiff;tif;png;wav;mfcribbon-ms</Extensions>
    </Filter>
  </ItemGroup>
  <ItemGroup>
    <ClCompile Include="InterpreterProject.cpp">
      <Filter>Source Files</Filter>
    </ClCompile>
    <ClCompile Include="lex.yy.cc">
      <Filter>Source Files</Filter>
    </ClCompile>
    <ClCompile Include="InterpreterParser.cpp">
      <Filter>Source Files</Filter>
    </ClCompile>
    <ClCompile Include="Tables\InterpreterFunctionTable.cpp">
      <Filter>Source Files</Filter>
    </ClCompile>
    <ClCompile Include="Tables\InterpreterSymbolTable.cpp">
      <Filter>Source Files</Filter>
    </ClCompile>
    <ClCompile Include="Visitors\InterpreterExecutionNodeVisitor.cpp">
      <Filter>Source Files</Filter>
    </ClCompile>
    <ClCompile Include="Values\InterpreterArrayValue.cpp">
      <Filter>Source Files</Filter>
    </ClCompile>
    <ClCompile Include="Values\InterpreterLvalues.cpp">
      <Filter>Source Files</Filter>
    </ClCompile>
    <ClCompile Include="Log\InterpreterLog.cpp">
      <Filter>Source Files</Filter>
    </ClCompile>
    <ClCompile Include="Algorithm\InterpreterAlgorithmRepository.cpp">
      <Filter>Source Files</Filter>
    </ClCompile>
    <ClCompile Include="Driver\InterpreterContext.cpp">
      <Filter>Source Files</Filter>
    </ClCompile>
    <ClCompile Include="Driver\InterpreterDriver.cpp">
      <Filter>Source Files</Filter>
    </ClCompile>
    <ClCompile Include="DebugMemory\DebugMemory.cpp">
      <Filter>Source Files</Filter>
    </ClCompile>
    <ClCompile Include="Nodes\InterpreterNode.cpp">
      <Filter>Source Files</Filter>
    </ClCompile>
    <ClCompile Include="Nodes\InterpreterReturnNode.cpp">
      <Filter>Source Files</Filter>
    </ClCompile>
    <ClCompile Include="Nodes\InterpreterFunctionDefNode.cpp">
      <Filter>Source Files</Filter>
    </ClCompile>
    <ClCompile Include="Nodes\InterpreterBinaryNode.cpp">
      <Filter>Source Files</Filter>
    </ClCompile>
    <ClCompile Include="Nodes\InterpreterBreakNode.cpp">
      <Filter>Source Files</Filter>
    </ClCompile>
    <ClCompile Include="Nodes\InterpreterClearNode.cpp">
      <Filter>Source Files</Filter>
    </ClCompile>
    <ClCompile Include="Nodes\InterpreterDimNode.cpp">
      <Filter>Source Files</Filter>
    </ClCompile>
    <ClCompile Include="Nodes\InterpreterForNode.cpp">
      <Filter>Source Files</Filter>
    </ClCompile>
    <ClCompile Include="Nodes\InterpreterFunctionCallNode.cpp">
      <Filter>Source Files</Filter>
    </ClCompile>
    <ClCompile Include="Nodes\InterpreterHelpNode.cpp">
      <Filter>Source Files</Filter>
    </ClCompile>
    <ClCompile Include="Nodes\InterpreterIfNode.cpp">
      <Filter>Source Files</Filter>
    </ClCompile>
    <ClCompile Include="Nodes\InterpreterLenNode.cpp">
      <Filter>Source Files</Filter>
    </ClCompile>
    <ClCompile Include="Nodes\InterpreterLoadNode.cpp">
      <Filter>Source Files</Filter>
    </ClCompile>
    <ClCompile Include="Nodes\InterpreterPrintNode.cpp">
      <Filter>Source Files</Filter>
    </ClCompile>
    <ClCompile Include="Nodes\InterpreterQuitNode.cpp">
      <Filter>Source Files</Filter>
    </ClCompile>
    <ClCompile Include="Nodes\InterpreterRandNode.cpp">
      <Filter>Source Files</Filter>
    </ClCompile>
    <ClCompile Include="Nodes\InterpreterRefNode.cpp">
      <Filter>Source Files</Filter>
    </ClCompile>
    <ClCompile Include="Nodes\InterpreterSrandNode.cpp">
      <Filter>Source Files</Filter>
    </ClCompile>
    <ClCompile Include="Nodes\InterpreterStopNode.cpp">
      <Filter>Source Files</Filter>
    </ClCompile>
    <ClCompile Include="Nodes\InterpreterValueNode.cpp">
      <Filter>Source Files</Filter>
    </ClCompile>
    <ClCompile Include="Nodes\InterpreterVarListNode.cpp">
      <Filter>Source Files</Filter>
    </ClCompile>
    <ClCompile Include="Nodes\InterpreterVarNode.cpp">
      <Filter>Source Files</Filter>
    </ClCompile>
    <ClCompile Include="Nodes\InterpreterWhileNode.cpp">
      <Filter>Source Files</Filter>
    </ClCompile>
    <ClCompile Include="Values\InterpreterValue.cpp">
      <Filter>Source Files</Filter>
    </ClCompile>
    <ClCompile Include="File\InterpreterFile.cpp">
      <Filter>Source Files</Filter>
    </ClCompile>
    <ClCompile Include="Nodes\InterpreterFileNode.cpp">
      <Filter>Source Files</Filter>
    </ClCompile>
  </ItemGroup>
  <ItemGroup>
    <ClInclude Include="InterpreterNodeVisitor.hpp">
      <Filter>Header Files</Filter>
    </ClInclude>
    <ClInclude Include="InterpreterScanner.hpp">
      <Filter>Header Files</Filter>
    </ClInclude>
    <ClInclude Include="InterpreterLex.hpp">
      <Filter>Header Files</Filter>
    </ClInclude>
    <ClInclude Include="InterpreterDriver.hpp">
      <Filter>Header Files</Filter>
    </ClInclude>
    <ClInclude Include="InterpreterParser.hpp">
      <Filter>Header Files</Filter>
    </ClInclude>
    <ClInclude Include="InterpreterSymbolTable.hpp">
      <Filter>Header Files</Filter>
    </ClInclude>
    <ClInclude Include="InterpreterAlgorithmRepository.h">
      <Filter>Header Files</Filter>
    </ClInclude>
    <ClInclude Include="InterpreterFunctionTable.h">
      <Filter>Header Files</Filter>
    </ClInclude>
    <ClInclude Include="InterpreterValue.h">
      <Filter>Header Files</Filter>
    </ClInclude>
    <ClInclude Include="InterpreterLog.h">
      <Filter>Header Files</Filter>
    </ClInclude>
    <ClInclude Include="InterpreterContext.h">
      <Filter>Header Files</Filter>
    </ClInclude>
    <ClInclude Include="InterpreterErrorInterface.h">
      <Filter>Header Files</Filter>
    </ClInclude>
    <ClInclude Include="InterpreterLvalues.h">
      <Filter>Header Files</Filter>
    </ClInclude>
    <ClInclude Include="InterpreterRvalue.h">
      <Filter>Header Files</Filter>
    </ClInclude>
  </ItemGroup>
  <ItemGroup>
    <Text Include="README.txt" />
  </ItemGroup>
  <ItemGroup>
    <None Include="TestFiles\RunTests.py" />
  </ItemGroup>
  <ItemGroup>
    <CustomBuild Include="Grammar\Interpreter.y">
      <Filter>Source Files</Filter>
    </CustomBuild>
    <CustomBuild Include="Grammar\Interpreter.l">
      <Filter>Source Files</Filter>
    </CustomBuild>
  </ItemGroup>
</Project>